
Microsoft Visual Studio Solution File, Format Version 12.00
# Visual Studio Version 16
VisualStudioVersion = 16.0.31729.503
MinimumVisualStudioVersion = 10.0.40219.1
Project("{FAE04EC0-301F-11D3-BF4B-00C04F79EFBC}") = "SalaryPayment", "SalaryPayment\SalaryPayment.csproj", "{A34938A9-0B53-49F8-80C4-BAE0C1E07C74}"
EndProject
Global
	GlobalSection(SolutionConfigurationPlatforms) = preSolution
		Debug|Any CPU = Debug|Any CPU
		Release|Any CPU = Release|Any CPU
	EndGlobalSection
	GlobalSection(ProjectConfigurationPlatforms) = postSolution
		{A34938A9-0B53-49F8-80C4-BAE0C1E07C74}.Debug|Any CPU.ActiveCfg = Debug|Any CPU
		{A34938A9-0B53-49F8-80C4-BAE0C1E07C74}.Debug|Any CPU.Build.0 = Debug|Any CPU
		{A34938A9-0B53-49F8-80C4-BAE0C1E07C74}.Release|Any CPU.ActiveCfg = Release|Any CPU
		{A34938A9-0B53-49F8-80C4-BAE0C1E07C74}.Release|Any CPU.Build.0 = Release|Any CPU
	EndGlobalSection
	GlobalSection(SolutionProperties) = preSolution
		HideSolutionNode = FALSE
	EndGlobalSection
	GlobalSection(ExtensibilityGlobals) = postSolution
		SolutionGuid = {392729F8-B866-4139-A719-8A4592C647A1}
	EndGlobalSection
EndGlobal
